// !$*UTF8*$!
{
	archiveVersion = 1;
	classes = {
	};
	objectVersion = 55;
	objects = {

/* Begin PBXBuildFile section */
		7DFEFAD92A84C9D600F730D8 /* AppDelegate.swift in Sources */ = {isa = PBXBuildFile; fileRef = 7DFEFAD82A84C9D600F730D8 /* AppDelegate.swift */; };
		7DFEFADB2A84C9D600F730D8 /* SceneDelegate.swift in Sources */ = {isa = PBXBuildFile; fileRef = 7DFEFADA2A84C9D600F730D8 /* SceneDelegate.swift */; };
		7DFEFAE22A84C9DD00F730D8 /* Assets.xcassets in Resources */ = {isa = PBXBuildFile; fileRef = 7DFEFAE12A84C9DD00F730D8 /* Assets.xcassets */; };
		7DFEFAE52A84C9DD00F730D8 /* LaunchScreen.storyboard in Resources */ = {isa = PBXBuildFile; fileRef = 7DFEFAE32A84C9DD00F730D8 /* LaunchScreen.storyboard */; };
		7DFEFAF02A84C9DD00F730D8 /* Weather_APITests.swift in Sources */ = {isa = PBXBuildFile; fileRef = 7DFEFAEF2A84C9DD00F730D8 /* Weather_APITests.swift */; };
		7DFEFAFA2A84C9DD00F730D8 /* Weather_APIUITests.swift in Sources */ = {isa = PBXBuildFile; fileRef = 7DFEFAF92A84C9DD00F730D8 /* Weather_APIUITests.swift */; };
		7DFEFAFC2A84C9DD00F730D8 /* Weather_APIUITestsLaunchTests.swift in Sources */ = {isa = PBXBuildFile; fileRef = 7DFEFAFB2A84C9DD00F730D8 /* Weather_APIUITestsLaunchTests.swift */; };
		7DFEFB112A84CA9D00F730D8 /* WeatherResponse.swift in Sources */ = {isa = PBXBuildFile; fileRef = 7DFEFB102A84CA9D00F730D8 /* WeatherResponse.swift */; };
		7DFEFB142A863A1F00F730D8 /* ChooseViewController.swift in Sources */ = {isa = PBXBuildFile; fileRef = 7DFEFB122A863A1F00F730D8 /* ChooseViewController.swift */; };
		7DFEFB152A863A1F00F730D8 /* ChooseViewController.xib in Resources */ = {isa = PBXBuildFile; fileRef = 7DFEFB132A863A1F00F730D8 /* ChooseViewController.xib */; };
		7DFEFB1C2A863CAD00F730D8 /* MainTableViewCell.swift in Sources */ = {isa = PBXBuildFile; fileRef = 7DFEFB1A2A863CAD00F730D8 /* MainTableViewCell.swift */; };
		7DFEFB1D2A863CAD00F730D8 /* MainTableViewCell.xib in Resources */ = {isa = PBXBuildFile; fileRef = 7DFEFB1B2A863CAD00F730D8 /* MainTableViewCell.xib */; };
		7DFEFB202A863CC000F730D8 /* ChooseTableViewCell.swift in Sources */ = {isa = PBXBuildFile; fileRef = 7DFEFB1E2A863CC000F730D8 /* ChooseTableViewCell.swift */; };
		7DFEFB212A863CC000F730D8 /* ChooseTableViewCell.xib in Resources */ = {isa = PBXBuildFile; fileRef = 7DFEFB1F2A863CC000F730D8 /* ChooseTableViewCell.xib */; };
		7DFEFB242A8642A900F730D8 /* MainViewController.swift in Sources */ = {isa = PBXBuildFile; fileRef = 7DFEFB222A8642A900F730D8 /* MainViewController.swift */; };
		7DFEFB252A8642A900F730D8 /* MainViewController.xib in Resources */ = {isa = PBXBuildFile; fileRef = 7DFEFB232A8642A900F730D8 /* MainViewController.xib */; };
/* End PBXBuildFile section */

/* Begin PBXContainerItemProxy section */
		7DFEFAEC2A84C9DD00F730D8 /* PBXContainerItemProxy */ = {
			isa = PBXContainerItemProxy;
			containerPortal = 7DFEFACD2A84C9D600F730D8 /* Project object */;
			proxyType = 1;
			remoteGlobalIDString = 7DFEFAD42A84C9D600F730D8;
			remoteInfo = "Weather API";
		};
		7DFEFAF62A84C9DD00F730D8 /* PBXContainerItemProxy */ = {
			isa = PBXContainerItemProxy;
			containerPortal = 7DFEFACD2A84C9D600F730D8 /* Project object */;
			proxyType = 1;
			remoteGlobalIDString = 7DFEFAD42A84C9D600F730D8;
			remoteInfo = "Weather API";
		};
/* End PBXContainerItemProxy section */

/* Begin PBXFileReference section */
		7DFEFAD52A84C9D600F730D8 /* Weather API.app */ = {isa = PBXFileReference; explicitFileType = wrapper.application; includeInIndex = 0; path = "Weather API.app"; sourceTree = BUILT_PRODUCTS_DIR; };
		7DFEFAD82A84C9D600F730D8 /* AppDelegate.swift */ = {isa = PBXFileReference; lastKnownFileType = sourcecode.swift; path = AppDelegate.swift; sourceTree = "<group>"; };
		7DFEFADA2A84C9D600F730D8 /* SceneDelegate.swift */ = {isa = PBXFileReference; lastKnownFileType = sourcecode.swift; path = SceneDelegate.swift; sourceTree = "<group>"; };
		7DFEFAE12A84C9DD00F730D8 /* Assets.xcassets */ = {isa = PBXFileReference; lastKnownFileType = folder.assetcatalog; path = Assets.xcassets; sourceTree = "<group>"; };
		7DFEFAE42A84C9DD00F730D8 /* Base */ = {isa = PBXFileReference; lastKnownFileType = file.storyboard; name = Base; path = Base.lproj/LaunchScreen.storyboard; sourceTree = "<group>"; };
		7DFEFAE62A84C9DD00F730D8 /* Info.plist */ = {isa = PBXFileReference; lastKnownFileType = text.plist.xml; path = Info.plist; sourceTree = "<group>"; };
		7DFEFAEB2A84C9DD00F730D8 /* Weather APITests.xctest */ = {isa = PBXFileReference; explicitFileType = wrapper.cfbundle; includeInIndex = 0; path = "Weather APITests.xctest"; sourceTree = BUILT_PRODUCTS_DIR; };
		7DFEFAEF2A84C9DD00F730D8 /* Weather_APITests.swift */ = {isa = PBXFileReference; lastKnownFileType = sourcecode.swift; path = Weather_APITests.swift; sourceTree = "<group>"; };
		7DFEFAF52A84C9DD00F730D8 /* Weather APIUITests.xctest */ = {isa = PBXFileReference; explicitFileType = wrapper.cfbundle; includeInIndex = 0; path = "Weather APIUITests.xctest"; sourceTree = BUILT_PRODUCTS_DIR; };
		7DFEFAF92A84C9DD00F730D8 /* Weather_APIUITests.swift */ = {isa = PBXFileReference; lastKnownFileType = sourcecode.swift; path = Weather_APIUITests.swift; sourceTree = "<group>"; };
		7DFEFAFB2A84C9DD00F730D8 /* Weather_APIUITestsLaunchTests.swift */ = {isa = PBXFileReference; lastKnownFileType = sourcecode.swift; path = Weather_APIUITestsLaunchTests.swift; sourceTree = "<group>"; };
		7DFEFB102A84CA9D00F730D8 /* WeatherResponse.swift */ = {isa = PBXFileReference; lastKnownFileType = sourcecode.swift; path = WeatherResponse.swift; sourceTree = "<group>"; };
		7DFEFB122A863A1F00F730D8 /* ChooseViewController.swift */ = {isa = PBXFileReference; lastKnownFileType = sourcecode.swift; path = ChooseViewController.swift; sourceTree = "<group>"; };
		7DFEFB132A863A1F00F730D8 /* ChooseViewController.xib */ = {isa = PBXFileReference; lastKnownFileType = file.xib; path = ChooseViewController.xib; sourceTree = "<group>"; };
		7DFEFB1A2A863CAD00F730D8 /* MainTableViewCell.swift */ = {isa = PBXFileReference; lastKnownFileType = sourcecode.swift; path = MainTableViewCell.swift; sourceTree = "<group>"; };
		7DFEFB1B2A863CAD00F730D8 /* MainTableViewCell.xib */ = {isa = PBXFileReference; lastKnownFileType = file.xib; path = MainTableViewCell.xib; sourceTree = "<group>"; };
		7DFEFB1E2A863CC000F730D8 /* ChooseTableViewCell.swift */ = {isa = PBXFileReference; lastKnownFileType = sourcecode.swift; path = ChooseTableViewCell.swift; sourceTree = "<group>"; };
		7DFEFB1F2A863CC000F730D8 /* ChooseTableViewCell.xib */ = {isa = PBXFileReference; lastKnownFileType = file.xib; path = ChooseTableViewCell.xib; sourceTree = "<group>"; };
		7DFEFB222A8642A900F730D8 /* MainViewController.swift */ = {isa = PBXFileReference; lastKnownFileType = sourcecode.swift; path = MainViewController.swift; sourceTree = "<group>"; };
		7DFEFB232A8642A900F730D8 /* MainViewController.xib */ = {isa = PBXFileReference; lastKnownFileType = file.xib; path = MainViewController.xib; sourceTree = "<group>"; };
/* End PBXFileReference section */

/* Begin PBXFrameworksBuildPhase section */
		7DFEFAD22A84C9D600F730D8 /* Frameworks */ = {
			isa = PBXFrameworksBuildPhase;
			buildActionMask = 2147483647;
			files = (
			);
			runOnlyForDeploymentPostprocessing = 0;
		};
		7DFEFAE82A84C9DD00F730D8 /* Frameworks */ = {
			isa = PBXFrameworksBuildPhase;
			buildActionMask = 2147483647;
			files = (
			);
			runOnlyForDeploymentPostprocessing = 0;
		};
		7DFEFAF22A84C9DD00F730D8 /* Frameworks */ = {
			isa = PBXFrameworksBuildPhase;
			buildActionMask = 2147483647;
			files = (
			);
			runOnlyForDeploymentPostprocessing = 0;
		};
/* End PBXFrameworksBuildPhase section */

/* Begin PBXGroup section */
		7DFEFACC2A84C9D600F730D8 = {
			isa = PBXGroup;
			children = (
				7DFEFAD72A84C9D600F730D8 /* Weather API */,
				7DFEFAEE2A84C9DD00F730D8 /* Weather APITests */,
				7DFEFAF82A84C9DD00F730D8 /* Weather APIUITests */,
				7DFEFAD62A84C9D600F730D8 /* Products */,
			);
			sourceTree = "<group>";
		};
		7DFEFAD62A84C9D600F730D8 /* Products */ = {
			isa = PBXGroup;
			children = (
				7DFEFAD52A84C9D600F730D8 /* Weather API.app */,
				7DFEFAEB2A84C9DD00F730D8 /* Weather APITests.xctest */,
				7DFEFAF52A84C9DD00F730D8 /* Weather APIUITests.xctest */,
			);
			name = Products;
			sourceTree = "<group>";
		};
		7DFEFAD72A84C9D600F730D8 /* Weather API */ = {
			isa = PBXGroup;
			children = (
				7DFEFAD82A84C9D600F730D8 /* AppDelegate.swift */,
				7DFEFADA2A84C9D600F730D8 /* SceneDelegate.swift */,
				7DFEFB0E2A84CA3700F730D8 /* Model */,
				7DFEFB0D2A84CA3000F730D8 /* View */,
				7DFEFB082A84CA0C00F730D8 /* Controller */,
				7DFEFAE12A84C9DD00F730D8 /* Assets.xcassets */,
				7DFEFAE32A84C9DD00F730D8 /* LaunchScreen.storyboard */,
				7DFEFAE62A84C9DD00F730D8 /* Info.plist */,
			);
			path = "Weather API";
			sourceTree = "<group>";
		};
		7DFEFAEE2A84C9DD00F730D8 /* Weather APITests */ = {
			isa = PBXGroup;
			children = (
				7DFEFAEF2A84C9DD00F730D8 /* Weather_APITests.swift */,
			);
			path = "Weather APITests";
			sourceTree = "<group>";
		};
		7DFEFAF82A84C9DD00F730D8 /* Weather APIUITests */ = {
			isa = PBXGroup;
			children = (
				7DFEFAF92A84C9DD00F730D8 /* Weather_APIUITests.swift */,
				7DFEFAFB2A84C9DD00F730D8 /* Weather_APIUITestsLaunchTests.swift */,
			);
			path = "Weather APIUITests";
			sourceTree = "<group>";
		};
		7DFEFB082A84CA0C00F730D8 /* Controller */ = {
			isa = PBXGroup;
			children = (
				7DFEFB162A863C4700F730D8 /* Main */,
				7DFEFB172A863C5B00F730D8 /* Choose */,
			);
			path = Controller;
			sourceTree = "<group>";
		};
		7DFEFB0D2A84CA3000F730D8 /* View */ = {
			isa = PBXGroup;
			children = (
			);
			path = View;
			sourceTree = "<group>";
		};
		7DFEFB0E2A84CA3700F730D8 /* Model */ = {
			isa = PBXGroup;
			children = (
				7DFEFB0F2A84CA7B00F730D8 /* API */,
			);
			path = Model;
			sourceTree = "<group>";
		};
		7DFEFB0F2A84CA7B00F730D8 /* API */ = {
			isa = PBXGroup;
			children = (
				7DFEFB102A84CA9D00F730D8 /* WeatherResponse.swift */,
			);
			path = API;
			sourceTree = "<group>";
		};
		7DFEFB162A863C4700F730D8 /* Main */ = {
			isa = PBXGroup;
			children = (
				7DFEFB192A863C8800F730D8 /* Component */,
				7DFEFB222A8642A900F730D8 /* MainViewController.swift */,
				7DFEFB232A8642A900F730D8 /* MainViewController.xib */,
			);
			path = Main;
			sourceTree = "<group>";
		};
		7DFEFB172A863C5B00F730D8 /* Choose */ = {
			isa = PBXGroup;
			children = (
				7DFEFB182A863C7E00F730D8 /* Component */,
				7DFEFB122A863A1F00F730D8 /* ChooseViewController.swift */,
				7DFEFB132A863A1F00F730D8 /* ChooseViewController.xib */,
			);
			path = Choose;
			sourceTree = "<group>";
		};
		7DFEFB182A863C7E00F730D8 /* Component */ = {
			isa = PBXGroup;
			children = (
				7DFEFB1E2A863CC000F730D8 /* ChooseTableViewCell.swift */,
				7DFEFB1F2A863CC000F730D8 /* ChooseTableViewCell.xib */,
			);
			path = Component;
			sourceTree = "<group>";
		};
		7DFEFB192A863C8800F730D8 /* Component */ = {
			isa = PBXGroup;
			children = (
				7DFEFB1A2A863CAD00F730D8 /* MainTableViewCell.swift */,
				7DFEFB1B2A863CAD00F730D8 /* MainTableViewCell.xib */,
			);
			path = Component;
			sourceTree = "<group>";
		};
/* End PBXGroup section */

/* Begin PBXNativeTarget section */
		7DFEFAD42A84C9D600F730D8 /* Weather API */ = {
			isa = PBXNativeTarget;
			buildConfigurationList = 7DFEFAFF2A84C9DD00F730D8 /* Build configuration list for PBXNativeTarget "Weather API" */;
			buildPhases = (
				7DFEFAD12A84C9D600F730D8 /* Sources */,
				7DFEFAD22A84C9D600F730D8 /* Frameworks */,
				7DFEFAD32A84C9D600F730D8 /* Resources */,
			);
			buildRules = (
			);
			dependencies = (
			);
			name = "Weather API";
			productName = "Weather API";
			productReference = 7DFEFAD52A84C9D600F730D8 /* Weather API.app */;
			productType = "com.apple.product-type.application";
		};
		7DFEFAEA2A84C9DD00F730D8 /* Weather APITests */ = {
			isa = PBXNativeTarget;
			buildConfigurationList = 7DFEFB022A84C9DD00F730D8 /* Build configuration list for PBXNativeTarget "Weather APITests" */;
			buildPhases = (
				7DFEFAE72A84C9DD00F730D8 /* Sources */,
				7DFEFAE82A84C9DD00F730D8 /* Frameworks */,
				7DFEFAE92A84C9DD00F730D8 /* Resources */,
			);
			buildRules = (
			);
			dependencies = (
				7DFEFAED2A84C9DD00F730D8 /* PBXTargetDependency */,
			);
			name = "Weather APITests";
			productName = "Weather APITests";
			productReference = 7DFEFAEB2A84C9DD00F730D8 /* Weather APITests.xctest */;
			productType = "com.apple.product-type.bundle.unit-test";
		};
		7DFEFAF42A84C9DD00F730D8 /* Weather APIUITests */ = {
			isa = PBXNativeTarget;
			buildConfigurationList = 7DFEFB052A84C9DD00F730D8 /* Build configuration list for PBXNativeTarget "Weather APIUITests" */;
			buildPhases = (
				7DFEFAF12A84C9DD00F730D8 /* Sources */,
				7DFEFAF22A84C9DD00F730D8 /* Frameworks */,
				7DFEFAF32A84C9DD00F730D8 /* Resources */,
			);
			buildRules = (
			);
			dependencies = (
				7DFEFAF72A84C9DD00F730D8 /* PBXTargetDependency */,
			);
			name = "Weather APIUITests";
			productName = "Weather APIUITests";
			productReference = 7DFEFAF52A84C9DD00F730D8 /* Weather APIUITests.xctest */;
			productType = "com.apple.product-type.bundle.ui-testing";
		};
/* End PBXNativeTarget section */

/* Begin PBXProject section */
		7DFEFACD2A84C9D600F730D8 /* Project object */ = {
			isa = PBXProject;
			attributes = {
				BuildIndependentTargetsInParallel = 1;
				LastSwiftUpdateCheck = 1320;
				LastUpgradeCheck = 1320;
				TargetAttributes = {
					7DFEFAD42A84C9D600F730D8 = {
						CreatedOnToolsVersion = 13.2.1;
					};
					7DFEFAEA2A84C9DD00F730D8 = {
						CreatedOnToolsVersion = 13.2.1;
						TestTargetID = 7DFEFAD42A84C9D600F730D8;
					};
					7DFEFAF42A84C9DD00F730D8 = {
						CreatedOnToolsVersion = 13.2.1;
						TestTargetID = 7DFEFAD42A84C9D600F730D8;
					};
				};
			};
			buildConfigurationList = 7DFEFAD02A84C9D600F730D8 /* Build configuration list for PBXProject "Weather API" */;
			compatibilityVersion = "Xcode 13.0";
			developmentRegion = en;
			hasScannedForEncodings = 0;
			knownRegions = (
				en,
				Base,
			);
			mainGroup = 7DFEFACC2A84C9D600F730D8;
			productRefGroup = 7DFEFAD62A84C9D600F730D8 /* Products */;
			projectDirPath = "";
			projectRoot = "";
			targets = (
				7DFEFAD42A84C9D600F730D8 /* Weather API */,
				7DFEFAEA2A84C9DD00F730D8 /* Weather APITests */,
				7DFEFAF42A84C9DD00F730D8 /* Weather APIUITests */,
			);
		};
/* End PBXProject section */

/* Begin PBXResourcesBuildPhase section */
		7DFEFAD32A84C9D600F730D8 /* Resources */ = {
			isa = PBXResourcesBuildPhase;
			buildActionMask = 2147483647;
			files = (
				7DFEFAE52A84C9DD00F730D8 /* LaunchScreen.storyboard in Resources */,
				7DFEFB252A8642A900F730D8 /* MainViewController.xib in Resources */,
				7DFEFB152A863A1F00F730D8 /* ChooseViewController.xib in Resources */,
				7DFEFAE22A84C9DD00F730D8 /* Assets.xcassets in Resources */,
				7DFEFB212A863CC000F730D8 /* ChooseTableViewCell.xib in Resources */,
				7DFEFB1D2A863CAD00F730D8 /* MainTableViewCell.xib in Resources */,
			);
			runOnlyForDeploymentPostprocessing = 0;
		};
		7DFEFAE92A84C9DD00F730D8 /* Resources */ = {
			isa = PBXResourcesBuildPhase;
			buildActionMask = 2147483647;
			files = (
			);
			runOnlyForDeploymentPostprocessing = 0;
		};
		7DFEFAF32A84C9DD00F730D8 /* Resources */ = {
			isa = PBXResourcesBuildPhase;
			buildActionMask = 2147483647;
			files = (
			);
			runOnlyForDeploymentPostprocessing = 0;
		};
/* End PBXResourcesBuildPhase section */

/* Begin PBXSourcesBuildPhase section */
		7DFEFAD12A84C9D600F730D8 /* Sources */ = {
			isa = PBXSourcesBuildPhase;
			buildActionMask = 2147483647;
			files = (
				7DFEFB242A8642A900F730D8 /* MainViewController.swift in Sources */,
				7DFEFB202A863CC000F730D8 /* ChooseTableViewCell.swift in Sources */,
				7DFEFAD92A84C9D600F730D8 /* AppDelegate.swift in Sources */,
				7DFEFADB2A84C9D600F730D8 /* SceneDelegate.swift in Sources */,
				7DFEFB142A863A1F00F730D8 /* ChooseViewController.swift in Sources */,
				7DFEFB1C2A863CAD00F730D8 /* MainTableViewCell.swift in Sources */,
				7DFEFB112A84CA9D00F730D8 /* WeatherResponse.swift in Sources */,
			);
			runOnlyForDeploymentPostprocessing = 0;
		};
		7DFEFAE72A84C9DD00F730D8 /* Sources */ = {
			isa = PBXSourcesBuildPhase;
			buildActionMask = 2147483647;
			files = (
				7DFEFAF02A84C9DD00F730D8 /* Weather_APITests.swift in Sources */,
			);
			runOnlyForDeploymentPostprocessing = 0;
		};
		7DFEFAF12A84C9DD00F730D8 /* Sources */ = {
			isa = PBXSourcesBuildPhase;
			buildActionMask = 2147483647;
			files = (
				7DFEFAFC2A84C9DD00F730D8 /* Weather_APIUITestsLaunchTests.swift in Sources */,
				7DFEFAFA2A84C9DD00F730D8 /* Weather_APIUITests.swift in Sources */,
			);
			runOnlyForDeploymentPostprocessing = 0;
		};
/* End PBXSourcesBuildPhase section */

/* Begin PBXTargetDependency section */
		7DFEFAED2A84C9DD00F730D8 /* PBXTargetDependency */ = {
			isa = PBXTargetDependency;
			target = 7DFEFAD42A84C9D600F730D8 /* Weather API */;
			targetProxy = 7DFEFAEC2A84C9DD00F730D8 /* PBXContainerItemProxy */;
		};
		7DFEFAF72A84C9DD00F730D8 /* PBXTargetDependency */ = {
			isa = PBXTargetDependency;
			target = 7DFEFAD42A84C9D600F730D8 /* Weather API */;
			targetProxy = 7DFEFAF62A84C9DD00F730D8 /* PBXContainerItemProxy */;
		};
/* End PBXTargetDependency section */

/* Begin PBXVariantGroup section */
		7DFEFAE32A84C9DD00F730D8 /* LaunchScreen.storyboard */ = {
			isa = PBXVariantGroup;
			children = (
				7DFEFAE42A84C9DD00F730D8 /* Base */,
			);
			name = LaunchScreen.storyboard;
			sourceTree = "<group>";
		};
/* End PBXVariantGroup section */

/* Begin XCBuildConfiguration section */
		7DFEFAFD2A84C9DD00F730D8 /* Debug */ = {
			isa = XCBuildConfiguration;
			buildSettings = {
				ALWAYS_SEARCH_USER_PATHS = NO;
				CLANG_ANALYZER_NONNULL = YES;
				CLANG_ANALYZER_NUMBER_OBJECT_CONVERSION = YES_AGGRESSIVE;
				CLANG_CXX_LANGUAGE_STANDARD = "gnu++17";
				CLANG_CXX_LIBRARY = "libc++";
				CLANG_ENABLE_MODULES = YES;
				CLANG_ENABLE_OBJC_ARC = YES;
				CLANG_ENABLE_OBJC_WEAK = YES;
				CLANG_WARN_BLOCK_CAPTURE_AUTORELEASING = YES;
				CLANG_WARN_BOOL_CONVERSION = YES;
				CLANG_WARN_COMMA = YES;
				CLANG_WARN_CONSTANT_CONVERSION = YES;
				CLANG_WARN_DEPRECATED_OBJC_IMPLEMENTATIONS = YES;
				CLANG_WARN_DIRECT_OBJC_ISA_USAGE = YES_ERROR;
				CLANG_WARN_DOCUMENTATION_COMMENTS = YES;
				CLANG_WARN_EMPTY_BODY = YES;
				CLANG_WARN_ENUM_CONVERSION = YES;
				CLANG_WARN_INFINITE_RECURSION = YES;
				CLANG_WARN_INT_CONVERSION = YES;
				CLANG_WARN_NON_LITERAL_NULL_CONVERSION = YES;
				CLANG_WARN_OBJC_IMPLICIT_RETAIN_SELF = YES;
				CLANG_WARN_OBJC_LITERAL_CONVERSION = YES;
				CLANG_WARN_OBJC_ROOT_CLASS = YES_ERROR;
				CLANG_WARN_QUOTED_INCLUDE_IN_FRAMEWORK_HEADER = YES;
				CLANG_WARN_RANGE_LOOP_ANALYSIS = YES;
				CLANG_WARN_STRICT_PROTOTYPES = YES;
				CLANG_WARN_SUSPICIOUS_MOVE = YES;
				CLANG_WARN_UNGUARDED_AVAILABILITY = YES_AGGRESSIVE;
				CLANG_WARN_UNREACHABLE_CODE = YES;
				CLANG_WARN__DUPLICATE_METHOD_MATCH = YES;
				COPY_PHASE_STRIP = NO;
				DEBUG_INFORMATION_FORMAT = dwarf;
				ENABLE_STRICT_OBJC_MSGSEND = YES;
				ENABLE_TESTABILITY = YES;
				GCC_C_LANGUAGE_STANDARD = gnu11;
				GCC_DYNAMIC_NO_PIC = NO;
				GCC_NO_COMMON_BLOCKS = YES;
				GCC_OPTIMIZATION_LEVEL = 0;
				GCC_PREPROCESSOR_DEFINITIONS = (
					"DEBUG=1",
					"$(inherited)",
				);
				GCC_WARN_64_TO_32_BIT_CONVERSION = YES;
				GCC_WARN_ABOUT_RETURN_TYPE = YES_ERROR;
				GCC_WARN_UNDECLARED_SELECTOR = YES;
				GCC_WARN_UNINITIALIZED_AUTOS = YES_AGGRESSIVE;
				GCC_WARN_UNUSED_FUNCTION = YES;
				GCC_WARN_UNUSED_VARIABLE = YES;
				IPHONEOS_DEPLOYMENT_TARGET = 15.2;
				MTL_ENABLE_DEBUG_INFO = INCLUDE_SOURCE;
				MTL_FAST_MATH = YES;
				ONLY_ACTIVE_ARCH = YES;
				SDKROOT = iphoneos;
				SWIFT_ACTIVE_COMPILATION_CONDITIONS = DEBUG;
				SWIFT_OPTIMIZATION_LEVEL = "-Onone";
			};
			name = Debug;
		};
		7DFEFAFE2A84C9DD00F730D8 /* Release */ = {
			isa = XCBuildConfiguration;
			buildSettings = {
				ALWAYS_SEARCH_USER_PATHS = NO;
				CLANG_ANALYZER_NONNULL = YES;
				CLANG_ANALYZER_NUMBER_OBJECT_CONVERSION = YES_AGGRESSIVE;
				CLANG_CXX_LANGUAGE_STANDARD = "gnu++17";
				CLANG_CXX_LIBRARY = "libc++";
				CLANG_ENABLE_MODULES = YES;
				CLANG_ENABLE_OBJC_ARC = YES;
				CLANG_ENABLE_OBJC_WEAK = YES;
				CLANG_WARN_BLOCK_CAPTURE_AUTORELEASING = YES;
				CLANG_WARN_BOOL_CONVERSION = YES;
				CLANG_WARN_COMMA = YES;
				CLANG_WARN_CONSTANT_CONVERSION = YES;
				CLANG_WARN_DEPRECATED_OBJC_IMPLEMENTATIONS = YES;
				CLANG_WARN_DIRECT_OBJC_ISA_USAGE = YES_ERROR;
				CLANG_WARN_DOCUMENTATION_COMMENTS = YES;
				CLANG_WARN_EMPTY_BODY = YES;
				CLANG_WARN_ENUM_CONVERSION = YES;
				CLANG_WARN_INFINITE_RECURSION = YES;
				CLANG_WARN_INT_CONVERSION = YES;
				CLANG_WARN_NON_LITERAL_NULL_CONVERSION = YES;
				CLANG_WARN_OBJC_IMPLICIT_RETAIN_SELF = YES;
				CLANG_WARN_OBJC_LITERAL_CONVERSION = YES;
				CLANG_WARN_OBJC_ROOT_CLASS = YES_ERROR;
				CLANG_WARN_QUOTED_INCLUDE_IN_FRAMEWORK_HEADER = YES;
				CLANG_WARN_RANGE_LOOP_ANALYSIS = YES;
				CLANG_WARN_STRICT_PROTOTYPES = YES;
				CLANG_WARN_SUSPICIOUS_MOVE = YES;
				CLANG_WARN_UNGUARDED_AVAILABILITY = YES_AGGRESSIVE;
				CLANG_WARN_UNREACHABLE_CODE = YES;
				CLANG_WARN__DUPLICATE_METHOD_MATCH = YES;
				COPY_PHASE_STRIP = NO;
				DEBUG_INFORMATION_FORMAT = "dwarf-with-dsym";
				ENABLE_NS_ASSERTIONS = NO;
				ENABLE_STRICT_OBJC_MSGSEND = YES;
				GCC_C_LANGUAGE_STANDARD = gnu11;
				GCC_NO_COMMON_BLOCKS = YES;
				GCC_WARN_64_TO_32_BIT_CONVERSION = YES;
				GCC_WARN_ABOUT_RETURN_TYPE = YES_ERROR;
				GCC_WARN_UNDECLARED_SELECTOR = YES;
				GCC_WARN_UNINITIALIZED_AUTOS = YES_AGGRESSIVE;
				GCC_WARN_UNUSED_FUNCTION = YES;
				GCC_WARN_UNUSED_VARIABLE = YES;
				IPHONEOS_DEPLOYMENT_TARGET = 15.2;
				MTL_ENABLE_DEBUG_INFO = NO;
				MTL_FAST_MATH = YES;
				SDKROOT = iphoneos;
				SWIFT_COMPILATION_MODE = wholemodule;
				SWIFT_OPTIMIZATION_LEVEL = "-O";
				VALIDATE_PRODUCT = YES;
			};
			name = Release;
		};
		7DFEFB002A84C9DD00F730D8 /* Debug */ = {
			isa = XCBuildConfiguration;
			buildSettings = {
				ASSETCATALOG_COMPILER_APPICON_NAME = AppIcon;
				ASSETCATALOG_COMPILER_GLOBAL_ACCENT_COLOR_NAME = AccentColor;
				CODE_SIGN_STYLE = Automatic;
				CURRENT_PROJECT_VERSION = 1;
				DEVELOPMENT_TEAM = S8FBP4YLUA;
				GENERATE_INFOPLIST_FILE = YES;
				INFOPLIST_FILE = "Weather API/Info.plist";
				INFOPLIST_KEY_UIApplicationSupportsIndirectInputEvents = YES;
				INFOPLIST_KEY_UILaunchStoryboardName = LaunchScreen;
				INFOPLIST_KEY_UISupportedInterfaceOrientations_iPad = "UIInterfaceOrientationPortrait UIInterfaceOrientationPortraitUpsideDown UIInterfaceOrientationLandscapeLeft UIInterfaceOrientationLandscapeRight";
				INFOPLIST_KEY_UISupportedInterfaceOrientations_iPhone = "UIInterfaceOrientationPortrait UIInterfaceOrientationLandscapeLeft UIInterfaceOrientationLandscapeRight";
				LD_RUNPATH_SEARCH_PATHS = (
					"$(inherited)",
					"@executable_path/Frameworks",
				);
				MARKETING_VERSION = 1.0;
				PRODUCT_BUNDLE_IDENTIFIER = "com.imac.Weather-API";
				PRODUCT_NAME = "$(TARGET_NAME)";
				SWIFT_EMIT_LOC_STRINGS = YES;
				SWIFT_VERSION = 5.0;
				TARGETED_DEVICE_FAMILY = "1,2";
			};
			name = Debug;
		};
		7DFEFB012A84C9DD00F730D8 /* Release */ = {
			isa = XCBuildConfiguration;
			buildSettings = {
				ASSETCATALOG_COMPILER_APPICON_NAME = AppIcon;
				ASSETCATALOG_COMPILER_GLOBAL_ACCENT_COLOR_NAME = AccentColor;
				CODE_SIGN_STYLE = Automatic;
				CURRENT_PROJECT_VERSION = 1;
				DEVELOPMENT_TEAM = S8FBP4YLUA;
				GENERATE_INFOPLIST_FILE = YES;
				INFOPLIST_FILE = "Weather API/Info.plist";
				INFOPLIST_KEY_UIApplicationSupportsIndirectInputEvents = YES;
				INFOPLIST_KEY_UILaunchStoryboardName = LaunchScreen;
				INFOPLIST_KEY_UISupportedInterfaceOrientations_iPad = "UIInterfaceOrientationPortrait UIInterfaceOrientationPortraitUpsideDown UIInterfaceOrientationLandscapeLeft UIInterfaceOrientationLandscapeRight";
				INFOPLIST_KEY_UISupportedInterfaceOrientations_iPhone = "UIInterfaceOrientationPortrait UIInterfaceOrientationLandscapeLeft UIInterfaceOrientationLandscapeRight";
				LD_RUNPATH_SEARCH_PATHS = (
					"$(inherited)",
					"@executable_path/Frameworks",
				);
				MARKETING_VERSION = 1.0;
				PRODUCT_BUNDLE_IDENTIFIER = "com.imac.Weather-API";
				PRODUCT_NAME = "$(TARGET_NAME)";
				SWIFT_EMIT_LOC_STRINGS = YES;
				SWIFT_VERSION = 5.0;
				TARGETED_DEVICE_FAMILY = "1,2";
			};
			name = Release;
		};
		7DFEFB032A84C9DD00F730D8 /* Debug */ = {
			isa = XCBuildConfiguration;
			buildSettings = {
				ALWAYS_EMBED_SWIFT_STANDARD_LIBRARIES = YES;
				BUNDLE_LOADER = "$(TEST_HOST)";
				CODE_SIGN_STYLE = Automatic;
				CURRENT_PROJECT_VERSION = 1;
				DEVELOPMENT_TEAM = S8FBP4YLUA;
				GENERATE_INFOPLIST_FILE = YES;
				IPHONEOS_DEPLOYMENT_TARGET = 15.2;
				MARKETING_VERSION = 1.0;
				PRODUCT_BUNDLE_IDENTIFIER = "com.imac.Weather-APITests";
				PRODUCT_NAME = "$(TARGET_NAME)";
				SWIFT_EMIT_LOC_STRINGS = NO;
				SWIFT_VERSION = 5.0;
				TARGETED_DEVICE_FAMILY = "1,2";
				TEST_HOST = "$(BUILT_PRODUCTS_DIR)/Weather API.app/Weather API";
			};
			name = Debug;
		};
		7DFEFB042A84C9DD00F730D8 /* Release */ = {
			isa = XCBuildConfiguration;
			buildSettings = {
				ALWAYS_EMBED_SWIFT_STANDARD_LIBRARIES = YES;
				BUNDLE_LOADER = "$(TEST_HOST)";
				CODE_SIGN_STYLE = Automatic;
				CURRENT_PROJECT_VERSION = 1;
				DEVELOPMENT_TEAM = S8FBP4YLUA;
				GENERATE_INFOPLIST_FILE = YES;
				IPHONEOS_DEPLOYMENT_TARGET = 15.2;
				MARKETING_VERSION = 1.0;
				PRODUCT_BUNDLE_IDENTIFIER = "com.imac.Weather-APITests";
				PRODUCT_NAME = "$(TARGET_NAME)";
				SWIFT_EMIT_LOC_STRINGS = NO;
				SWIFT_VERSION = 5.0;
				TARGETED_DEVICE_FAMILY = "1,2";
				TEST_HOST = "$(BUILT_PRODUCTS_DIR)/Weather API.app/Weather API";
			};
			name = Release;
		};
		7DFEFB062A84C9DD00F730D8 /* Debug */ = {
			isa = XCBuildConfiguration;
			buildSettings = {
				ALWAYS_EMBED_SWIFT_STANDARD_LIBRARIES = YES;
				CODE_SIGN_STYLE = Automatic;
				CURRENT_PROJECT_VERSION = 1;
				DEVELOPMENT_TEAM = S8FBP4YLUA;
				GENERATE_INFOPLIST_FILE = YES;
				MARKETING_VERSION = 1.0;
				PRODUCT_BUNDLE_IDENTIFIER = "com.imac.Weather-APIUITests";
				PRODUCT_NAME = "$(TARGET_NAME)";
				SWIFT_EMIT_LOC_STRINGS = NO;
				SWIFT_VERSION = 5.0;
				TARGETED_DEVICE_FAMILY = "1,2";
				TEST_TARGET_NAME = "Weather API";
			};
			name = Debug;
		};
		7DFEFB072A84C9DD00F730D8 /* Release */ = {
			isa = XCBuildConfiguration;
			buildSettings = {
				ALWAYS_EMBED_SWIFT_STANDARD_LIBRARIES = YES;
				CODE_SIGN_STYLE = Automatic;
				CURRENT_PROJECT_VERSION = 1;
				DEVELOPMENT_TEAM = S8FBP4YLUA;
				GENERATE_INFOPLIST_FILE = YES;
				MARKETING_VERSION = 1.0;
				PRODUCT_BUNDLE_IDENTIFIER = "com.imac.Weather-APIUITests";
				PRODUCT_NAME = "$(TARGET_NAME)";
				SWIFT_EMIT_LOC_STRINGS = NO;
				SWIFT_VERSION = 5.0;
				TARGETED_DEVICE_FAMILY = "1,2";
				TEST_TARGET_NAME = "Weather API";
			};
			name = Release;
		};
/* End XCBuildConfiguration section */

/* Begin XCConfigurationList section */
		7DFEFAD02A84C9D600F730D8 /* Build configuration list for PBXProject "Weather API" */ = {
			isa = XCConfigurationList;
			buildConfigurations = (
				7DFEFAFD2A84C9DD00F730D8 /* Debug */,
				7DFEFAFE2A84C9DD00F730D8 /* Release */,
			);
			defaultConfigurationIsVisible = 0;
			defaultConfigurationName = Release;
		};
		7DFEFAFF2A84C9DD00F730D8 /* Build configuration list for PBXNativeTarget "Weather API" */ = {
			isa = XCConfigurationList;
			buildConfigurations = (
				7DFEFB002A84C9DD00F730D8 /* Debug */,
				7DFEFB012A84C9DD00F730D8 /* Release */,
			);
			defaultConfigurationIsVisible = 0;
			defaultConfigurationName = Release;
		};
		7DFEFB022A84C9DD00F730D8 /* Build configuration list for PBXNativeTarget "Weather APITests" */ = {
			isa = XCConfigurationList;
			buildConfigurations = (
				7DFEFB032A84C9DD00F730D8 /* Debug */,
				7DFEFB042A84C9DD00F730D8 /* Release */,
			);
			defaultConfigurationIsVisible = 0;
			defaultConfigurationName = Release;
		};
		7DFEFB052A84C9DD00F730D8 /* Build configuration list for PBXNativeTarget "Weather APIUITests" */ = {
			isa = XCConfigurationList;
			buildConfigurations = (
				7DFEFB062A84C9DD00F730D8 /* Debug */,
				7DFEFB072A84C9DD00F730D8 /* Release */,
			);
			defaultConfigurationIsVisible = 0;
			defaultConfigurationName = Release;
		};
/* End XCConfigurationList section */
	};
	rootObject = 7DFEFACD2A84C9D600F730D8 /* Project object */;
}
